
Microsoft Visual Studio Solution File, Format Version 12.00
# Visual Studio Version 16
VisualStudioVersion = 16.0.33927.289
MinimumVisualStudioVersion = 10.0.40219.1
Project("{FAE04EC0-301F-11D3-BF4B-00C04F79EFBC}") = "Kursova_TaxiServiceWPF", "Kursova_TaxiServiceWPF\Kursova_TaxiServiceWPF.csproj", "{723A6B95-16AD-4E2C-AFFD-7A7B0197D502}"
EndProject
Global
	GlobalSection(SolutionConfigurationPlatforms) = preSolution
		Debug|Any CPU = Debug|Any CPU
		Release|Any CPU = Release|Any CPU
	EndGlobalSection
	GlobalSection(ProjectConfigurationPlatforms) = postSolution
		{723A6B95-16AD-4E2C-AFFD-7A7B0197D502}.Debug|Any CPU.ActiveCfg = Debug|Any CPU
		{723A6B95-16AD-4E2C-AFFD-7A7B0197D502}.Debug|Any CPU.Build.0 = Debug|Any CPU
		{723A6B95-16AD-4E2C-AFFD-7A7B0197D502}.Release|Any CPU.ActiveCfg = Release|Any CPU
		{723A6B95-16AD-4E2C-AFFD-7A7B0197D502}.Release|Any CPU.Build.0 = Release|Any CPU
	EndGlobalSection
	GlobalSection(SolutionProperties) = preSolution
		HideSolutionNode = FALSE
	EndGlobalSection
	GlobalSection(ExtensibilityGlobals) = postSolution
		SolutionGuid = {5C62512F-6E6A-4B98-AC75-1B947020E5A8}
	EndGlobalSection
EndGlobal
